
Microsoft Visual Studio Solution File, Format Version 11.00
# Visual Studio 2010
Project("{FAE04EC0-301F-11D3-BF4B-00C04F79EFBC}") = "NVelocityProber", "NVelocityProber\NVelocityProber.csproj", "{D1E9260B-0E6A-4801-BEFE-7EACE4ED837F}"
EndProject
Global
	GlobalSection(SolutionConfigurationPlatforms) = preSolution
		Debug|x86 = Debug|x86
		Release|x86 = Release|x86
	EndGlobalSection
	GlobalSection(ProjectConfigurationPlatforms) = postSolution
		{D1E9260B-0E6A-4801-BEFE-7EACE4ED837F}.Debug|x86.ActiveCfg = Debug|x86
		{D1E9260B-0E6A-4801-BEFE-7EACE4ED837F}.Debug|x86.Build.0 = Debug|x86
		{D1E9260B-0E6A-4801-BEFE-7EACE4ED837F}.Release|x86.ActiveCfg = Release|x86
		{D1E9260B-0E6A-4801-BEFE-7EACE4ED837F}.Release|x86.Build.0 = Release|x86
	EndGlobalSection
	GlobalSection(SolutionProperties) = preSolution
		HideSolutionNode = FALSE
	EndGlobalSection
EndGlobal
